
Microsoft Visual Studio Solution File, Format Version 12.00
# Visual Studio 15
VisualStudioVersion = 15.0.27703.2018
MinimumVisualStudioVersion = 10.0.40219.1
Project("{FAE04EC0-301F-11D3-BF4B-00C04F79EFBC}") = "giftList", "giftList\giftList.csproj", "{6711B08A-B43A-4891-A150-DE0DF0F1986E}"
EndProject
Global
	GlobalSection(SolutionConfigurationPlatforms) = preSolution
		Debug|Any CPU = Debug|Any CPU
		Release|Any CPU = Release|Any CPU
	EndGlobalSection
	GlobalSection(ProjectConfigurationPlatforms) = postSolution
		{6711B08A-B43A-4891-A150-DE0DF0F1986E}.Debug|Any CPU.ActiveCfg = Debug|Any CPU
		{6711B08A-B43A-4891-A150-DE0DF0F1986E}.Debug|Any CPU.Build.0 = Debug|Any CPU
		{6711B08A-B43A-4891-A150-DE0DF0F1986E}.Release|Any CPU.ActiveCfg = Release|Any CPU
		{6711B08A-B43A-4891-A150-DE0DF0F1986E}.Release|Any CPU.Build.0 = Release|Any CPU
	EndGlobalSection
	GlobalSection(SolutionProperties) = preSolution
		HideSolutionNode = FALSE
	EndGlobalSection
	GlobalSection(ExtensibilityGlobals) = postSolution
		SolutionGuid = {FF995571-E0C5-4DF7-AC63-C5E7A974A2FB}
	EndGlobalSection
EndGlobal
